
Microsoft Visual Studio Solution File, Format Version 12.00
# Visual Studio 14
VisualStudioVersion = 14.0.25420.1
MinimumVisualStudioVersion = 10.0.40219.1
Project("{8BB2217D-0F2D-49D1-97BC-3654ED321F3B}") = "StatsdClient", "src\StatsdClient\StatsdClient.xproj", "{0000B49C-9D92-4C54-B902-7067E13A09BD}"
EndProject
Project("{8BB2217D-0F2D-49D1-97BC-3654ED321F3B}") = "Tests", "src\Tests\Tests.xproj", "{35C84FBC-41B2-4F48-9F24-6B98AA94001B}"
EndProject
Global
	GlobalSection(SolutionConfigurationPlatforms) = preSolution
		Debug|Any CPU = Debug|Any CPU
		Release|Any CPU = Release|Any CPU
	EndGlobalSection
	GlobalSection(ProjectConfigurationPlatforms) = postSolution
		{0000B49C-9D92-4C54-B902-7067E13A09BD}.Debug|Any CPU.ActiveCfg = Debug|Any CPU
		{0000B49C-9D92-4C54-B902-7067E13A09BD}.Debug|Any CPU.Build.0 = Debug|Any CPU
		{0000B49C-9D92-4C54-B902-7067E13A09BD}.Release|Any CPU.ActiveCfg = Release|Any CPU
		{0000B49C-9D92-4C54-B902-7067E13A09BD}.Release|Any CPU.Build.0 = Release|Any CPU
		{35C84FBC-41B2-4F48-9F24-6B98AA94001B}.Debug|Any CPU.ActiveCfg = Debug|Any CPU
		{35C84FBC-41B2-4F48-9F24-6B98AA94001B}.Debug|Any CPU.Build.0 = Debug|Any CPU
		{35C84FBC-41B2-4F48-9F24-6B98AA94001B}.Release|Any CPU.ActiveCfg = Release|Any CPU
		{35C84FBC-41B2-4F48-9F24-6B98AA94001B}.Release|Any CPU.Build.0 = Release|Any CPU
	EndGlobalSection
	GlobalSection(SolutionProperties) = preSolution
		HideSolutionNode = FALSE
	EndGlobalSection
EndGlobal
