
Microsoft Visual Studio Solution File, Format Version 12.00
# Visual Studio Version 16
VisualStudioVersion = 16.0.28407.52
MinimumVisualStudioVersion = 10.0.40219.1
Project("{9A19103F-16F7-4668-BE54-9A1E7A4F7556}") = "StatsdClient", "src\StatsdClient\StatsdClient.csproj", "{0000B49C-9D92-4C54-B902-7067E13A09BD}"
EndProject
Project("{9A19103F-16F7-4668-BE54-9A1E7A4F7556}") = "Tests", "src\Tests\Tests.csproj", "{35C84FBC-41B2-4F48-9F24-6B98AA94001B}"
EndProject
Global
	GlobalSection(SolutionConfigurationPlatforms) = preSolution
		Debug|Any CPU = Debug|Any CPU
		Release|Any CPU = Release|Any CPU
	EndGlobalSection
	GlobalSection(ProjectConfigurationPlatforms) = postSolution
		{0000B49C-9D92-4C54-B902-7067E13A09BD}.Debug|Any CPU.ActiveCfg = Debug|Any CPU
		{0000B49C-9D92-4C54-B902-7067E13A09BD}.Debug|Any CPU.Build.0 = Debug|Any CPU
		{0000B49C-9D92-4C54-B902-7067E13A09BD}.Release|Any CPU.ActiveCfg = Release|Any CPU
		{0000B49C-9D92-4C54-B902-7067E13A09BD}.Release|Any CPU.Build.0 = Release|Any CPU
		{35C84FBC-41B2-4F48-9F24-6B98AA94001B}.Debug|Any CPU.ActiveCfg = Debug|Any CPU
		{35C84FBC-41B2-4F48-9F24-6B98AA94001B}.Debug|Any CPU.Build.0 = Debug|Any CPU
		{35C84FBC-41B2-4F48-9F24-6B98AA94001B}.Release|Any CPU.ActiveCfg = Release|Any CPU
		{35C84FBC-41B2-4F48-9F24-6B98AA94001B}.Release|Any CPU.Build.0 = Release|Any CPU
	EndGlobalSection
	GlobalSection(SolutionProperties) = preSolution
		HideSolutionNode = FALSE
	EndGlobalSection
	GlobalSection(ExtensibilityGlobals) = postSolution
		SolutionGuid = {A23D4496-BE1C-4C8A-AB84-16982B5D5AC8}
	EndGlobalSection
EndGlobal
