
Microsoft Visual Studio Solution File, Format Version 11.00
# Visual Studio 2010
Project("{FAE04EC0-301F-11D3-BF4B-00C04F79EFBC}") = "StatsdClient", "StatsdClient\StatsdClient.csproj", "{77B1707A-9123-4CD9-9A18-A8D7F4794D71}"
EndProject
Project("{FAE04EC0-301F-11D3-BF4B-00C04F79EFBC}") = "StatsdTests", "Tests\StatsdTests.csproj", "{C4355D8F-BAB4-4C53-8E10-3ABB571A6F05}"
EndProject
Project("{FAE04EC0-301F-11D3-BF4B-00C04F79EFBC}") = "StatsdConfiguration", "Configuration\StatsdConfiguration.csproj", "{11FB3391-9FA5-433B-A0C4-352BD770378F}"
EndProject
Global
	GlobalSection(SolutionConfigurationPlatforms) = preSolution
		Debug|Any CPU = Debug|Any CPU
		Release|Any CPU = Release|Any CPU
	EndGlobalSection
	GlobalSection(ProjectConfigurationPlatforms) = postSolution
		{77B1707A-9123-4CD9-9A18-A8D7F4794D71}.Debug|Any CPU.ActiveCfg = Debug|Any CPU
		{77B1707A-9123-4CD9-9A18-A8D7F4794D71}.Debug|Any CPU.Build.0 = Debug|Any CPU
		{77B1707A-9123-4CD9-9A18-A8D7F4794D71}.Release|Any CPU.ActiveCfg = Release|Any CPU
		{77B1707A-9123-4CD9-9A18-A8D7F4794D71}.Release|Any CPU.Build.0 = Release|Any CPU
		{C4355D8F-BAB4-4C53-8E10-3ABB571A6F05}.Debug|Any CPU.ActiveCfg = Debug|Any CPU
		{C4355D8F-BAB4-4C53-8E10-3ABB571A6F05}.Debug|Any CPU.Build.0 = Debug|Any CPU
		{C4355D8F-BAB4-4C53-8E10-3ABB571A6F05}.Release|Any CPU.ActiveCfg = Release|Any CPU
		{C4355D8F-BAB4-4C53-8E10-3ABB571A6F05}.Release|Any CPU.Build.0 = Release|Any CPU
		{11FB3391-9FA5-433B-A0C4-352BD770378F}.Debug|Any CPU.ActiveCfg = Debug|Any CPU
		{11FB3391-9FA5-433B-A0C4-352BD770378F}.Debug|Any CPU.Build.0 = Debug|Any CPU
		{11FB3391-9FA5-433B-A0C4-352BD770378F}.Release|Any CPU.ActiveCfg = Release|Any CPU
		{11FB3391-9FA5-433B-A0C4-352BD770378F}.Release|Any CPU.Build.0 = Release|Any CPU
	EndGlobalSection
	GlobalSection(SolutionProperties) = preSolution
		HideSolutionNode = FALSE
	EndGlobalSection
EndGlobal
